
Microsoft Visual Studio Solution File, Format Version 12.00
# Visual Studio Version 17
VisualStudioVersion = 17.10.34928.147
MinimumVisualStudioVersion = 10.0.40219.1
Project("{FAE04EC0-301F-11D3-BF4B-00C04F79EFBC}") = "BestTimeToBuyAndSell", "BestTimeToBuyAndSell\BestTimeToBuyAndSell.csproj", "{910E41FC-E727-42D3-8ADB-BFAA674EE97D}"
EndProject
Global
	GlobalSection(SolutionConfigurationPlatforms) = preSolution
		Debug|Any CPU = Debug|Any CPU
		Release|Any CPU = Release|Any CPU
	EndGlobalSection
	GlobalSection(ProjectConfigurationPlatforms) = postSolution
		{910E41FC-E727-42D3-8ADB-BFAA674EE97D}.Debug|Any CPU.ActiveCfg = Debug|Any CPU
		{910E41FC-E727-42D3-8ADB-BFAA674EE97D}.Debug|Any CPU.Build.0 = Debug|Any CPU
		{910E41FC-E727-42D3-8ADB-BFAA674EE97D}.Release|Any CPU.ActiveCfg = Release|Any CPU
		{910E41FC-E727-42D3-8ADB-BFAA674EE97D}.Release|Any CPU.Build.0 = Release|Any CPU
	EndGlobalSection
	GlobalSection(SolutionProperties) = preSolution
		HideSolutionNode = FALSE
	EndGlobalSection
	GlobalSection(ExtensibilityGlobals) = postSolution
		SolutionGuid = {0549C3CC-9B01-41AC-8C99-C1B85C80630F}
	EndGlobalSection
EndGlobal
